
Microsoft Visual Studio Solution File, Format Version 12.00
# Visual Studio Version 17
VisualStudioVersion = 17.2.32519.379
MinimumVisualStudioVersion = 10.0.40219.1
Project("{9A19103F-16F7-4668-BE54-9A1E7A4F7556}") = "GetInto.Domain", "GetInto.Domain\GetInto.Domain.csproj", "{827B0581-DFD4-4A8E-93D4-DB546B362DBA}"
EndProject
Project("{2150E333-8FDC-42A3-9474-1A3956D46DE8}") = "Itens de Solução", "Itens de Solução", "{9DCCC8E5-ED54-4499-B88D-A72D914B6D2B}"
	ProjectSection(SolutionItems) = preProject
		global.json = global.json
		README.md = README.md
	EndProjectSection
EndProject
Project("{9A19103F-16F7-4668-BE54-9A1E7A4F7556}") = "GetInto.Persistence", "GetInto.Persistence\GetInto.Persistence.csproj", "{38A1878A-4331-40C2-8991-B3C79C15BAB9}"
EndProject
Project("{9A19103F-16F7-4668-BE54-9A1E7A4F7556}") = "GetInto.Application", "GetInto.Application\GetInto.Application.csproj", "{009074FD-CF22-4ED7-A6C3-8ACE21215094}"
EndProject
Project("{9A19103F-16F7-4668-BE54-9A1E7A4F7556}") = "GetInto.API", "GetInto.API\GetInto.API.csproj", "{A9336015-2966-41E3-A60D-2FE57BB28D81}"
EndProject
Global
	GlobalSection(SolutionConfigurationPlatforms) = preSolution
		Debug|Any CPU = Debug|Any CPU
		Debug|ARM32 = Debug|ARM32
		Debug|ARM64 = Debug|ARM64
		Debug|x64 = Debug|x64
		Debug|x86 = Debug|x86
		Release|Any CPU = Release|Any CPU
		Release|ARM32 = Release|ARM32
		Release|ARM64 = Release|ARM64
		Release|x64 = Release|x64
		Release|x86 = Release|x86
	EndGlobalSection
	GlobalSection(ProjectConfigurationPlatforms) = postSolution
		{827B0581-DFD4-4A8E-93D4-DB546B362DBA}.Debug|Any CPU.ActiveCfg = Debug|Any CPU
		{827B0581-DFD4-4A8E-93D4-DB546B362DBA}.Debug|Any CPU.Build.0 = Debug|Any CPU
		{827B0581-DFD4-4A8E-93D4-DB546B362DBA}.Debug|ARM32.ActiveCfg = Debug|ARM32
		{827B0581-DFD4-4A8E-93D4-DB546B362DBA}.Debug|ARM32.Build.0 = Debug|ARM32
		{827B0581-DFD4-4A8E-93D4-DB546B362DBA}.Debug|ARM64.ActiveCfg = Debug|ARM64
		{827B0581-DFD4-4A8E-93D4-DB546B362DBA}.Debug|ARM64.Build.0 = Debug|ARM64
		{827B0581-DFD4-4A8E-93D4-DB546B362DBA}.Debug|x64.ActiveCfg = Debug|x64
		{827B0581-DFD4-4A8E-93D4-DB546B362DBA}.Debug|x64.Build.0 = Debug|x64
		{827B0581-DFD4-4A8E-93D4-DB546B362DBA}.Debug|x86.ActiveCfg = Debug|x86
		{827B0581-DFD4-4A8E-93D4-DB546B362DBA}.Debug|x86.Build.0 = Debug|x86
		{827B0581-DFD4-4A8E-93D4-DB546B362DBA}.Release|Any CPU.ActiveCfg = Release|Any CPU
		{827B0581-DFD4-4A8E-93D4-DB546B362DBA}.Release|Any CPU.Build.0 = Release|Any CPU
		{827B0581-DFD4-4A8E-93D4-DB546B362DBA}.Release|ARM32.ActiveCfg = Release|ARM32
		{827B0581-DFD4-4A8E-93D4-DB546B362DBA}.Release|ARM32.Build.0 = Release|ARM32
		{827B0581-DFD4-4A8E-93D4-DB546B362DBA}.Release|ARM64.ActiveCfg = Release|ARM64
		{827B0581-DFD4-4A8E-93D4-DB546B362DBA}.Release|ARM64.Build.0 = Release|ARM64
		{827B0581-DFD4-4A8E-93D4-DB546B362DBA}.Release|x64.ActiveCfg = Release|x64
		{827B0581-DFD4-4A8E-93D4-DB546B362DBA}.Release|x64.Build.0 = Release|x64
		{827B0581-DFD4-4A8E-93D4-DB546B362DBA}.Release|x86.ActiveCfg = Release|x86
		{827B0581-DFD4-4A8E-93D4-DB546B362DBA}.Release|x86.Build.0 = Release|x86
		{38A1878A-4331-40C2-8991-B3C79C15BAB9}.Debug|Any CPU.ActiveCfg = Debug|Any CPU
		{38A1878A-4331-40C2-8991-B3C79C15BAB9}.Debug|Any CPU.Build.0 = Debug|Any CPU
		{38A1878A-4331-40C2-8991-B3C79C15BAB9}.Debug|ARM32.ActiveCfg = Debug|ARM32
		{38A1878A-4331-40C2-8991-B3C79C15BAB9}.Debug|ARM32.Build.0 = Debug|ARM32
		{38A1878A-4331-40C2-8991-B3C79C15BAB9}.Debug|ARM64.ActiveCfg = Debug|ARM64
		{38A1878A-4331-40C2-8991-B3C79C15BAB9}.Debug|ARM64.Build.0 = Debug|ARM64
		{38A1878A-4331-40C2-8991-B3C79C15BAB9}.Debug|x64.ActiveCfg = Debug|x64
		{38A1878A-4331-40C2-8991-B3C79C15BAB9}.Debug|x64.Build.0 = Debug|x64
		{38A1878A-4331-40C2-8991-B3C79C15BAB9}.Debug|x86.ActiveCfg = Debug|x86
		{38A1878A-4331-40C2-8991-B3C79C15BAB9}.Debug|x86.Build.0 = Debug|x86
		{38A1878A-4331-40C2-8991-B3C79C15BAB9}.Release|Any CPU.ActiveCfg = Release|Any CPU
		{38A1878A-4331-40C2-8991-B3C79C15BAB9}.Release|Any CPU.Build.0 = Release|Any CPU
		{38A1878A-4331-40C2-8991-B3C79C15BAB9}.Release|ARM32.ActiveCfg = Release|ARM32
		{38A1878A-4331-40C2-8991-B3C79C15BAB9}.Release|ARM32.Build.0 = Release|ARM32
		{38A1878A-4331-40C2-8991-B3C79C15BAB9}.Release|ARM64.ActiveCfg = Release|ARM64
		{38A1878A-4331-40C2-8991-B3C79C15BAB9}.Release|ARM64.Build.0 = Release|ARM64
		{38A1878A-4331-40C2-8991-B3C79C15BAB9}.Release|x64.ActiveCfg = Release|x64
		{38A1878A-4331-40C2-8991-B3C79C15BAB9}.Release|x64.Build.0 = Release|x64
		{38A1878A-4331-40C2-8991-B3C79C15BAB9}.Release|x86.ActiveCfg = Release|x86
		{38A1878A-4331-40C2-8991-B3C79C15BAB9}.Release|x86.Build.0 = Release|x86
		{009074FD-CF22-4ED7-A6C3-8ACE21215094}.Debug|Any CPU.ActiveCfg = Debug|Any CPU
		{009074FD-CF22-4ED7-A6C3-8ACE21215094}.Debug|Any CPU.Build.0 = Debug|Any CPU
		{009074FD-CF22-4ED7-A6C3-8ACE21215094}.Debug|ARM32.ActiveCfg = Debug|ARM32
		{009074FD-CF22-4ED7-A6C3-8ACE21215094}.Debug|ARM32.Build.0 = Debug|ARM32
		{009074FD-CF22-4ED7-A6C3-8ACE21215094}.Debug|ARM64.ActiveCfg = Debug|ARM64
		{009074FD-CF22-4ED7-A6C3-8ACE21215094}.Debug|ARM64.Build.0 = Debug|ARM64
		{009074FD-CF22-4ED7-A6C3-8ACE21215094}.Debug|x64.ActiveCfg = Debug|x64
		{009074FD-CF22-4ED7-A6C3-8ACE21215094}.Debug|x64.Build.0 = Debug|x64
		{009074FD-CF22-4ED7-A6C3-8ACE21215094}.Debug|x86.ActiveCfg = Debug|x86
		{009074FD-CF22-4ED7-A6C3-8ACE21215094}.Debug|x86.Build.0 = Debug|x86
		{009074FD-CF22-4ED7-A6C3-8ACE21215094}.Release|Any CPU.ActiveCfg = Release|Any CPU
		{009074FD-CF22-4ED7-A6C3-8ACE21215094}.Release|Any CPU.Build.0 = Release|Any CPU
		{009074FD-CF22-4ED7-A6C3-8ACE21215094}.Release|ARM32.ActiveCfg = Release|ARM32
		{009074FD-CF22-4ED7-A6C3-8ACE21215094}.Release|ARM32.Build.0 = Release|ARM32
		{009074FD-CF22-4ED7-A6C3-8ACE21215094}.Release|ARM64.ActiveCfg = Release|ARM64
		{009074FD-CF22-4ED7-A6C3-8ACE21215094}.Release|ARM64.Build.0 = Release|ARM64
		{009074FD-CF22-4ED7-A6C3-8ACE21215094}.Release|x64.ActiveCfg = Release|x64
		{009074FD-CF22-4ED7-A6C3-8ACE21215094}.Release|x64.Build.0 = Release|x64
		{009074FD-CF22-4ED7-A6C3-8ACE21215094}.Release|x86.ActiveCfg = Release|x86
		{009074FD-CF22-4ED7-A6C3-8ACE21215094}.Release|x86.Build.0 = Release|x86
		{A9336015-2966-41E3-A60D-2FE57BB28D81}.Debug|Any CPU.ActiveCfg = Debug|Any CPU
		{A9336015-2966-41E3-A60D-2FE57BB28D81}.Debug|Any CPU.Build.0 = Debug|Any CPU
		{A9336015-2966-41E3-A60D-2FE57BB28D81}.Debug|ARM32.ActiveCfg = Debug|ARM32
		{A9336015-2966-41E3-A60D-2FE57BB28D81}.Debug|ARM32.Build.0 = Debug|ARM32
		{A9336015-2966-41E3-A60D-2FE57BB28D81}.Debug|ARM64.ActiveCfg = Debug|ARM64
		{A9336015-2966-41E3-A60D-2FE57BB28D81}.Debug|ARM64.Build.0 = Debug|ARM64
		{A9336015-2966-41E3-A60D-2FE57BB28D81}.Debug|x64.ActiveCfg = Debug|x64
		{A9336015-2966-41E3-A60D-2FE57BB28D81}.Debug|x64.Build.0 = Debug|x64
		{A9336015-2966-41E3-A60D-2FE57BB28D81}.Debug|x86.ActiveCfg = Debug|x86
		{A9336015-2966-41E3-A60D-2FE57BB28D81}.Debug|x86.Build.0 = Debug|x86
		{A9336015-2966-41E3-A60D-2FE57BB28D81}.Release|Any CPU.ActiveCfg = Release|Any CPU
		{A9336015-2966-41E3-A60D-2FE57BB28D81}.Release|Any CPU.Build.0 = Release|Any CPU
		{A9336015-2966-41E3-A60D-2FE57BB28D81}.Release|ARM32.ActiveCfg = Release|ARM32
		{A9336015-2966-41E3-A60D-2FE57BB28D81}.Release|ARM32.Build.0 = Release|ARM32
		{A9336015-2966-41E3-A60D-2FE57BB28D81}.Release|ARM64.ActiveCfg = Release|ARM64
		{A9336015-2966-41E3-A60D-2FE57BB28D81}.Release|ARM64.Build.0 = Release|ARM64
		{A9336015-2966-41E3-A60D-2FE57BB28D81}.Release|x64.ActiveCfg = Release|x64
		{A9336015-2966-41E3-A60D-2FE57BB28D81}.Release|x64.Build.0 = Release|x64
		{A9336015-2966-41E3-A60D-2FE57BB28D81}.Release|x86.ActiveCfg = Release|x86
		{A9336015-2966-41E3-A60D-2FE57BB28D81}.Release|x86.Build.0 = Release|x86
	EndGlobalSection
	GlobalSection(SolutionProperties) = preSolution
		HideSolutionNode = FALSE
	EndGlobalSection
	GlobalSection(ExtensibilityGlobals) = postSolution
		SolutionGuid = {FDC72003-BA35-47CA-B937-AF7A8023C496}
	EndGlobalSection
EndGlobal
